
Microsoft Visual Studio Solution File, Format Version 12.00
# Visual Studio Version 17
VisualStudioVersion = 17.13.35919.96
MinimumVisualStudioVersion = 10.0.40219.1
Project("{C9674DCB-5085-4A16-B785-4C70DD1589BD}") = "JobDescription-Project-SSAS", "JobDescription-Project-SSAS\JobDescription-Project-SSAS.dtproj", "{522E5F63-1BD4-F8CC-4296-EE66FD91B3E9}"
EndProject
Project("{C9674DCB-5085-4A16-B785-4C70DD1589BD}") = "JobDescription-Project-SSIS", "JobDescription-Project-SSIS\JobDescription-Project-SSIS.dtproj", "{1C3AA13D-FDB1-EC7D-6B35-A6E5A0F235DD}"
EndProject
Project("{F14B399A-7131-4C87-9E4B-1186C45EF12D}") = "JobDescription-Project-SSRS", "JobDescription-Project-SSRS\JobDescription-Project-SSRS.rptproj", "{2D2842E5-8F0B-ECB1-8ED2-364432DB56DC}"
EndProject
Project("{C9674DCB-5085-4A16-B785-4C70DD1589BD}") = "JobDescription-Project-SSIS-DW", "JobDescription-Project-SSIS-DW\JobDescription-Project-SSIS-DW.dtproj", "{B911E0C2-59C2-7E8F-B38D-5111C49B3FF6}"
EndProject
Global
	GlobalSection(SolutionConfigurationPlatforms) = preSolution
		Debug|Default = Debug|Default
		DebugLocal|Default = DebugLocal|Default
		Development|Default = Development|Default
		Release|Default = Release|Default
	EndGlobalSection
	GlobalSection(ProjectConfigurationPlatforms) = postSolution
		{522E5F63-1BD4-F8CC-4296-EE66FD91B3E9}.Debug|Default.ActiveCfg = Development
		{522E5F63-1BD4-F8CC-4296-EE66FD91B3E9}.Debug|Default.Build.0 = Development
		{522E5F63-1BD4-F8CC-4296-EE66FD91B3E9}.DebugLocal|Default.ActiveCfg = Development
		{522E5F63-1BD4-F8CC-4296-EE66FD91B3E9}.DebugLocal|Default.Build.0 = Development
		{522E5F63-1BD4-F8CC-4296-EE66FD91B3E9}.Development|Default.ActiveCfg = Development
		{522E5F63-1BD4-F8CC-4296-EE66FD91B3E9}.Development|Default.Build.0 = Development
		{522E5F63-1BD4-F8CC-4296-EE66FD91B3E9}.Release|Default.ActiveCfg = Development
		{522E5F63-1BD4-F8CC-4296-EE66FD91B3E9}.Release|Default.Build.0 = Development
		{1C3AA13D-FDB1-EC7D-6B35-A6E5A0F235DD}.Debug|Default.ActiveCfg = Development
		{1C3AA13D-FDB1-EC7D-6B35-A6E5A0F235DD}.Debug|Default.Build.0 = Development
		{1C3AA13D-FDB1-EC7D-6B35-A6E5A0F235DD}.DebugLocal|Default.ActiveCfg = Development
		{1C3AA13D-FDB1-EC7D-6B35-A6E5A0F235DD}.DebugLocal|Default.Build.0 = Development
		{1C3AA13D-FDB1-EC7D-6B35-A6E5A0F235DD}.Development|Default.ActiveCfg = Development
		{1C3AA13D-FDB1-EC7D-6B35-A6E5A0F235DD}.Development|Default.Build.0 = Development
		{1C3AA13D-FDB1-EC7D-6B35-A6E5A0F235DD}.Release|Default.ActiveCfg = Development
		{1C3AA13D-FDB1-EC7D-6B35-A6E5A0F235DD}.Release|Default.Build.0 = Development
		{2D2842E5-8F0B-ECB1-8ED2-364432DB56DC}.Debug|Default.ActiveCfg = Debug
		{2D2842E5-8F0B-ECB1-8ED2-364432DB56DC}.Debug|Default.Build.0 = Debug
		{2D2842E5-8F0B-ECB1-8ED2-364432DB56DC}.Debug|Default.Deploy.0 = Debug
		{2D2842E5-8F0B-ECB1-8ED2-364432DB56DC}.DebugLocal|Default.ActiveCfg = DebugLocal
		{2D2842E5-8F0B-ECB1-8ED2-364432DB56DC}.DebugLocal|Default.Build.0 = DebugLocal
		{2D2842E5-8F0B-ECB1-8ED2-364432DB56DC}.Development|Default.ActiveCfg = Release
		{2D2842E5-8F0B-ECB1-8ED2-364432DB56DC}.Development|Default.Build.0 = Release
		{2D2842E5-8F0B-ECB1-8ED2-364432DB56DC}.Development|Default.Deploy.0 = Release
		{2D2842E5-8F0B-ECB1-8ED2-364432DB56DC}.Release|Default.ActiveCfg = Release
		{2D2842E5-8F0B-ECB1-8ED2-364432DB56DC}.Release|Default.Build.0 = Release
		{2D2842E5-8F0B-ECB1-8ED2-364432DB56DC}.Release|Default.Deploy.0 = Release
		{B911E0C2-59C2-7E8F-B38D-5111C49B3FF6}.Debug|Default.ActiveCfg = Development
		{B911E0C2-59C2-7E8F-B38D-5111C49B3FF6}.Debug|Default.Build.0 = Development
		{B911E0C2-59C2-7E8F-B38D-5111C49B3FF6}.DebugLocal|Default.ActiveCfg = Development
		{B911E0C2-59C2-7E8F-B38D-5111C49B3FF6}.DebugLocal|Default.Build.0 = Development
		{B911E0C2-59C2-7E8F-B38D-5111C49B3FF6}.Development|Default.ActiveCfg = Development
		{B911E0C2-59C2-7E8F-B38D-5111C49B3FF6}.Development|Default.Build.0 = Development
		{B911E0C2-59C2-7E8F-B38D-5111C49B3FF6}.Release|Default.ActiveCfg = Development
		{B911E0C2-59C2-7E8F-B38D-5111C49B3FF6}.Release|Default.Build.0 = Development
	EndGlobalSection
	GlobalSection(SolutionProperties) = preSolution
		HideSolutionNode = FALSE
	EndGlobalSection
	GlobalSection(ExtensibilityGlobals) = postSolution
		SolutionGuid = {8464E191-BB2F-4E43-AB46-F322CFA8B7D2}
	EndGlobalSection
EndGlobal
