
Microsoft Visual Studio Solution File, Format Version 12.00
# Visual Studio Version 17
VisualStudioVersion = 17.13.35919.96
MinimumVisualStudioVersion = 10.0.40219.1
Project("{C9674DCB-5085-4A16-B785-4C70DD1589BD}") = "JobDescription-Project-SSIS", "JobDescription-Project-SSIS\JobDescription-Project-SSIS.dtproj", "{1C3AA13D-FDB1-EC7D-6B35-A6E5A0F235DD}"
EndProject
Project("{D2ABAB84-BF74-430A-B69E-9DC6D40DDA17}") = "Job-Description-Project-SSAS", "Job-Description-Project-SSAS\Job-Description-Project-SSAS.dwproj", "{A0BAA297-778A-D163-6348-5A3D0B5679A7}"
EndProject
Global
	GlobalSection(SolutionConfigurationPlatforms) = preSolution
		Debug|Default = Debug|Default
		DebugLocal|Default = DebugLocal|Default
		Development|Default = Development|Default
		Release|Default = Release|Default
	EndGlobalSection
	GlobalSection(ProjectConfigurationPlatforms) = postSolution
		{1C3AA13D-FDB1-EC7D-6B35-A6E5A0F235DD}.Debug|Default.ActiveCfg = Development
		{1C3AA13D-FDB1-EC7D-6B35-A6E5A0F235DD}.Debug|Default.Build.0 = Development
		{1C3AA13D-FDB1-EC7D-6B35-A6E5A0F235DD}.DebugLocal|Default.ActiveCfg = Development
		{1C3AA13D-FDB1-EC7D-6B35-A6E5A0F235DD}.DebugLocal|Default.Build.0 = Development
		{1C3AA13D-FDB1-EC7D-6B35-A6E5A0F235DD}.Development|Default.ActiveCfg = Development
		{1C3AA13D-FDB1-EC7D-6B35-A6E5A0F235DD}.Development|Default.Build.0 = Development
		{1C3AA13D-FDB1-EC7D-6B35-A6E5A0F235DD}.Release|Default.ActiveCfg = Development
		{1C3AA13D-FDB1-EC7D-6B35-A6E5A0F235DD}.Release|Default.Build.0 = Development
		{A0BAA297-778A-D163-6348-5A3D0B5679A7}.Debug|Default.ActiveCfg = Development
		{A0BAA297-778A-D163-6348-5A3D0B5679A7}.Debug|Default.Build.0 = Development
		{A0BAA297-778A-D163-6348-5A3D0B5679A7}.Debug|Default.Deploy.0 = Development
		{A0BAA297-778A-D163-6348-5A3D0B5679A7}.DebugLocal|Default.ActiveCfg = Development
		{A0BAA297-778A-D163-6348-5A3D0B5679A7}.DebugLocal|Default.Build.0 = Development
		{A0BAA297-778A-D163-6348-5A3D0B5679A7}.DebugLocal|Default.Deploy.0 = Development
		{A0BAA297-778A-D163-6348-5A3D0B5679A7}.Development|Default.ActiveCfg = Development
		{A0BAA297-778A-D163-6348-5A3D0B5679A7}.Development|Default.Build.0 = Development
		{A0BAA297-778A-D163-6348-5A3D0B5679A7}.Development|Default.Deploy.0 = Development
		{A0BAA297-778A-D163-6348-5A3D0B5679A7}.Release|Default.ActiveCfg = Development
		{A0BAA297-778A-D163-6348-5A3D0B5679A7}.Release|Default.Build.0 = Development
		{A0BAA297-778A-D163-6348-5A3D0B5679A7}.Release|Default.Deploy.0 = Development
	EndGlobalSection
	GlobalSection(SolutionProperties) = preSolution
		HideSolutionNode = FALSE
	EndGlobalSection
	GlobalSection(ExtensibilityGlobals) = postSolution
		SolutionGuid = {8464E191-BB2F-4E43-AB46-F322CFA8B7D2}
	EndGlobalSection
EndGlobal
